{
  "version": 4,
  "terraform_version": "1.3.5",
  "serial": 74,
  "lineage": "614f2f76-aa71-5d26-2e35-57254b6bcf2f",
  "outputs": {},
  "resources": [
    {
      "mode": "data",
      "type": "aws_availability_zones",
      "name": "az",
      "provider": "provider[\"registry.terraform.io/hashicorp/aws\"]",
      "instances": [
        {
          "schema_version": 0,
          "attributes": {
            "all_availability_zones": null,
            "exclude_names": null,
            "exclude_zone_ids": null,
            "filter": null,
            "group_names": [
              "ap-northeast-2"
            ],
            "id": "ap-northeast-2",
            "names": [
              "ap-northeast-2a",
              "ap-northeast-2b",
              "ap-northeast-2c",
              "ap-northeast-2d"
            ],
            "state": "available",
            "timeouts": null,
            "zone_ids": [
              "apne2-az1",
              "apne2-az2",
              "apne2-az3",
              "apne2-az4"
            ]
          },
          "sensitive_attributes": []
        }
      ]
    },
    {
      "mode": "data",
      "type": "aws_caller_identity",
      "name": "current",
      "provider": "provider[\"registry.terraform.io/hashicorp/aws\"]",
      "instances": [
        {
          "schema_version": 0,
          "attributes": {
            "account_id": "752518105514",
            "arn": "arn:aws:sts::752518105514:assumed-role/eks-c9-admin/i-0e418a8bd4778e6b0",
            "id": "752518105514",
            "user_id": "AROA26NMTBGVDG7FH4N2E:i-0e418a8bd4778e6b0"
          },
          "sensitive_attributes": []
        }
      ]
    },
    {
      "mode": "data",
      "type": "aws_eks_cluster",
      "name": "eks_cluster",
      "provider": "provider[\"registry.terraform.io/hashicorp/aws\"]",
      "instances": [
        {
          "schema_version": 0,
          "attributes": {
            "arn": "arn:aws:eks:ap-northeast-2:752518105514:cluster/prod-eks",
            "certificate_authority": [
              {
                "data": "LS0tLS1CRUdJTiBDRVJUSUZJQ0FURS0tLS0tCk1JSUMvakNDQWVhZ0F3SUJBZ0lCQURBTkJna3Foa2lHOXcwQkFRc0ZBREFWTVJNd0VRWURWUVFERXdwcmRXSmwKY201bGRHVnpNQjRYRFRJeU1USXdOakF6TVRNek1sb1hEVE15TVRJd016QXpNVE16TWxvd0ZURVRNQkVHQTFVRQpBeE1LYTNWaVpYSnVaWFJsY3pDQ0FTSXdEUVlKS29aSWh2Y05BUUVCQlFBRGdnRVBBRENDQVFvQ2dnRUJBUERvCitsN0Q1YzZSYmQwWHFOQVhmZ1FNakJpWDRVWWsvTnQxYVRRODR6TzdNMjdnOHNHdkhLK2JyMVhwa2NRbWRYME8KMHlTc0o4Tmh5L1c2RGI0YjJXYmpNZXQ0bmMwTFlYZlIwZ0luY1VLVDIzOVFqRXZNdzZjemlJdHVVMEwxSGMyUQpFN2lSYmVGandUc1VLdVhYWFVPeW02TVFCb1EyRWJhUmZ4LzhPWkc5RXV6cUQyM283bStIWkhpYkV4a1BUSVBGCkdSWitiS3VYTjNWNENYZ3lmNExZeVVRVW1LUUdraFRZZm1Rdllrc2w3SWhBK1F5WlVHNC9ZQXM0ajJhWlZuOFUKTFhmUk5uT2pNbDJjeGJrL3NBbThaN1BocGQ2UGRjT1VDbWw1Z2FZVXFtbGZLekJiNjVrTXV1Y3VSS2JEOWVjTApGeitRblN6WlZJbnlnUXI2MS8wQ0F3RUFBYU5aTUZjd0RnWURWUjBQQVFIL0JBUURBZ0trTUE4R0ExVWRFd0VCCi93UUZNQU1CQWY4d0hRWURWUjBPQkJZRUZQVlV3NTFLQlg1K1BiZlV5bTJOeWRmRGZvcXhNQlVHQTFVZEVRUU8KTUF5Q0NtdDFZbVZ5Ym1WMFpYTXdEUVlKS29aSWh2Y05BUUVMQlFBRGdnRUJBT3M4V2cyQjVPS3YvMVp1OTA5NApKR0tSZWdSMlp1Uk5QNkRCZUVqQ0JITDJ6TkFhaEtibHA5aEwybDVaa21PcTdCRjVCeXFwOU1Ud2hDaGR2QThZCjlSOXFRNjF6Qlpwcm03Tk1QMmpiZDNMMTdLM201RGMreVNQcC9xa1VmaDE4N09xU1oxK3lRb29KYlZJRzg5U1oKU0hOcWh3K21iOXplQk5qNmVjc0VQTkFWK3diRzFHN1NUTVhrTndsbzFwSFV1ZzJ2blJvVXhxMWs0WWNTTFlOMgpzUHhWQ3ZDeWQ0RTVBS3lLUitSKzZCK0F2bmNDWGtoeUllbTg4MXNJT2hROTE4aVYzREdNR25nOXVqcUY3SUFLCnpvS0w0akc1QWYyRkpUSzVyQU85bHBQdG5zU0ZMSFVDSTBGWjlWZzI2d0hZVjUyZkd2aHZGVFFrSnhFTHE5NGEKRjdJPQotLS0tLUVORCBDRVJUSUZJQ0FURS0tLS0tCg=="
              }
            ],
            "created_at": "2022-12-06 03:07:48.392 +0000 UTC",
            "enabled_cluster_log_types": [
              "api",
              "audit",
              "authenticator",
              "controllerManager",
              "scheduler"
            ],
            "endpoint": "https://82E0D1286F1E6ACF585EFF23B611B777.gr7.ap-northeast-2.eks.amazonaws.com",
            "id": "prod-eks",
            "identity": [
              {
                "oidc": [
                  {
                    "issuer": "https://oidc.eks.ap-northeast-2.amazonaws.com/id/82E0D1286F1E6ACF585EFF23B611B777"
                  }
                ]
              }
            ],
            "kubernetes_network_config": [
              {
                "ip_family": "ipv4",
                "service_ipv4_cidr": "172.20.0.0/16"
              }
            ],
            "name": "prod-eks",
            "platform_version": "eks.5",
            "role_arn": "arn:aws:iam::752518105514:role/eks-cluster-ServiceRole-HUIGIC7K7HNJ",
            "status": "ACTIVE",
            "tags": {},
            "version": "1.23",
            "vpc_config": [
              {
                "cluster_security_group_id": "sg-0adf8a86e923fc77a",
                "endpoint_private_access": true,
                "endpoint_public_access": false,
                "public_access_cidrs": [
                  "0.0.0.0/0"
                ],
                "security_group_ids": [
                  "sg-01865faacb7257d0a"
                ],
                "subnet_ids": [
                  "subnet-031111e6593765c48",
                  "subnet-0525f9766393266a1"
                ],
                "vpc_id": "vpc-086fbc638cdae3c8f"
              }
            ]
          },
          "sensitive_attributes": []
        }
      ]
    },
    {
      "mode": "data",
      "type": "aws_region",
      "name": "current",
      "provider": "provider[\"registry.terraform.io/hashicorp/aws\"]",
      "instances": [
        {
          "schema_version": 0,
          "attributes": {
            "description": "Asia Pacific (Seoul)",
            "endpoint": "ec2.ap-northeast-2.amazonaws.com",
            "id": "ap-northeast-2",
            "name": "ap-northeast-2"
          },
          "sensitive_attributes": []
        }
      ]
    },
    {
      "mode": "data",
      "type": "terraform_remote_state",
      "name": "cluster",
      "provider": "provider[\"terraform.io/builtin/terraform\"]",
      "instances": [
        {
          "schema_version": 0,
          "attributes": {
            "backend": "s3",
            "config": {
              "value": {
                "bucket": "tf-state-kakao-6825053a5aa193d4",
                "key": "terraform/terraform_locks_cluster.tfstate",
                "region": "ap-northeast-2"
              },
              "type": [
                "object",
                {
                  "bucket": "string",
                  "key": "string",
                  "region": "string"
                }
              ]
            },
            "defaults": null,
            "outputs": {
              "value": {
                "ca": "LS0tLS1CRUdJTiBDRVJUSUZJQ0FURS0tLS0tCk1JSUMvakNDQWVhZ0F3SUJBZ0lCQURBTkJna3Foa2lHOXcwQkFRc0ZBREFWTVJNd0VRWURWUVFERXdwcmRXSmwKY201bGRHVnpNQjRYRFRJeU1USXdOakF6TVRNek1sb1hEVE15TVRJd016QXpNVE16TWxvd0ZURVRNQkVHQTFVRQpBeE1LYTNWaVpYSnVaWFJsY3pDQ0FTSXdEUVlKS29aSWh2Y05BUUVCQlFBRGdnRVBBRENDQVFvQ2dnRUJBUERvCitsN0Q1YzZSYmQwWHFOQVhmZ1FNakJpWDRVWWsvTnQxYVRRODR6TzdNMjdnOHNHdkhLK2JyMVhwa2NRbWRYME8KMHlTc0o4Tmh5L1c2RGI0YjJXYmpNZXQ0bmMwTFlYZlIwZ0luY1VLVDIzOVFqRXZNdzZjemlJdHVVMEwxSGMyUQpFN2lSYmVGandUc1VLdVhYWFVPeW02TVFCb1EyRWJhUmZ4LzhPWkc5RXV6cUQyM283bStIWkhpYkV4a1BUSVBGCkdSWitiS3VYTjNWNENYZ3lmNExZeVVRVW1LUUdraFRZZm1Rdllrc2w3SWhBK1F5WlVHNC9ZQXM0ajJhWlZuOFUKTFhmUk5uT2pNbDJjeGJrL3NBbThaN1BocGQ2UGRjT1VDbWw1Z2FZVXFtbGZLekJiNjVrTXV1Y3VSS2JEOWVjTApGeitRblN6WlZJbnlnUXI2MS8wQ0F3RUFBYU5aTUZjd0RnWURWUjBQQVFIL0JBUURBZ0trTUE4R0ExVWRFd0VCCi93UUZNQU1CQWY4d0hRWURWUjBPQkJZRUZQVlV3NTFLQlg1K1BiZlV5bTJOeWRmRGZvcXhNQlVHQTFVZEVRUU8KTUF5Q0NtdDFZbVZ5Ym1WMFpYTXdEUVlKS29aSWh2Y05BUUVMQlFBRGdnRUJBT3M4V2cyQjVPS3YvMVp1OTA5NApKR0tSZWdSMlp1Uk5QNkRCZUVqQ0JITDJ6TkFhaEtibHA5aEwybDVaa21PcTdCRjVCeXFwOU1Ud2hDaGR2QThZCjlSOXFRNjF6Qlpwcm03Tk1QMmpiZDNMMTdLM201RGMreVNQcC9xa1VmaDE4N09xU1oxK3lRb29KYlZJRzg5U1oKU0hOcWh3K21iOXplQk5qNmVjc0VQTkFWK3diRzFHN1NUTVhrTndsbzFwSFV1ZzJ2blJvVXhxMWs0WWNTTFlOMgpzUHhWQ3ZDeWQ0RTVBS3lLUitSKzZCK0F2bmNDWGtoeUllbTg4MXNJT2hROTE4aVYzREdNR25nOXVqcUY3SUFLCnpvS0w0akc1QWYyRkpUSzVyQU85bHBQdG5zU0ZMSFVDSTBGWjlWZzI2d0hZVjUyZkd2aHZGVFFrSnhFTHE5NGEKRjdJPQotLS0tLUVORCBDRVJUSUZJQ0FURS0tLS0tCg==",
                "cluster-name": "prod-eks",
                "cluster-sg": "sg-0adf8a86e923fc77a",
                "endpoint": "https://82E0D1286F1E6ACF585EFF23B611B777.gr7.ap-northeast-2.eks.amazonaws.com",
                "oidc_provider_arn": "arn:aws:iam::752518105514:oidc-provider/oidc.eks.ap-northeast-2.amazonaws.com/id/82E0D1286F1E6ACF585EFF23B611B777"
              },
              "type": [
                "object",
                {
                  "ca": "string",
                  "cluster-name": "string",
                  "cluster-sg": "string",
                  "endpoint": "string",
                  "oidc_provider_arn": "string"
                }
              ]
            },
            "workspace": null
          },
          "sensitive_attributes": []
        }
      ]
    },
    {
      "mode": "managed",
      "type": "aws_iam_policy",
      "name": "load-balancer-policy",
      "provider": "provider[\"registry.terraform.io/hashicorp/aws\"]",
      "instances": [
        {
          "schema_version": 0,
          "attributes": {
            "arn": "arn:aws:iam::752518105514:policy/AWSLoadBalancerControllerIAMPolicy",
            "description": "AWS LoadBalancer Controller IAM Policy",
            "id": "arn:aws:iam::752518105514:policy/AWSLoadBalancerControllerIAMPolicy",
            "name": "AWSLoadBalancerControllerIAMPolicy",
            "name_prefix": null,
            "path": "/",
            "policy": "{\"Statement\":[{\"Action\":[\"iam:CreateServiceLinkedRole\",\"ec2:DescribeAccountAttributes\",\"ec2:DescribeAddresses\",\"ec2:DescribeInternetGateways\",\"ec2:DescribeVpcs\",\"ec2:DescribeSubnets\",\"ec2:DescribeSecurityGroups\",\"ec2:DescribeInstances\",\"ec2:DescribeNetworkInterfaces\",\"ec2:DescribeTags\",\"ec2:GetCoipPoolUsage\",\"ec2:DescribeCoipPools\",\"elasticloadbalancing:DescribeLoadBalancers\",\"elasticloadbalancing:DescribeLoadBalancerAttributes\",\"elasticloadbalancing:DescribeListeners\",\"elasticloadbalancing:DescribeListenerCertificates\",\"elasticloadbalancing:DescribeSSLPolicies\",\"elasticloadbalancing:DescribeRules\",\"elasticloadbalancing:DescribeTargetGroups\",\"elasticloadbalancing:DescribeTargetGroupAttributes\",\"elasticloadbalancing:DescribeTargetHealth\",\"elasticloadbalancing:DescribeTags\"],\"Effect\":\"Allow\",\"Resource\":\"*\"},{\"Action\":[\"cognito-idp:DescribeUserPoolClient\",\"acm:ListCertificates\",\"acm:DescribeCertificate\",\"iam:ListServerCertificates\",\"iam:GetServerCertificate\",\"waf-regional:GetWebACL\",\"waf-regional:GetWebACLForResource\",\"waf-regional:AssociateWebACL\",\"waf-regional:DisassociateWebACL\",\"wafv2:GetWebACL\",\"wafv2:GetWebACLForResource\",\"wafv2:AssociateWebACL\",\"wafv2:DisassociateWebACL\",\"shield:GetSubscriptionState\",\"shield:DescribeProtection\",\"shield:CreateProtection\",\"shield:DeleteProtection\"],\"Effect\":\"Allow\",\"Resource\":\"*\"},{\"Action\":[\"ec2:AuthorizeSecurityGroupIngress\",\"ec2:RevokeSecurityGroupIngress\"],\"Effect\":\"Allow\",\"Resource\":\"*\"},{\"Action\":[\"ec2:CreateSecurityGroup\"],\"Effect\":\"Allow\",\"Resource\":\"*\"},{\"Action\":[\"ec2:CreateTags\"],\"Condition\":{\"Null\":{\"aws:RequestTag/elbv2.k8s.aws/cluster\":\"false\"},\"StringEquals\":{\"ec2:CreateAction\":\"CreateSecurityGroup\"}},\"Effect\":\"Allow\",\"Resource\":\"arn:aws:ec2:*:*:security-group/*\"},{\"Action\":[\"ec2:CreateTags\",\"ec2:DeleteTags\"],\"Condition\":{\"Null\":{\"aws:RequestTag/elbv2.k8s.aws/cluster\":\"true\",\"aws:ResourceTag/elbv2.k8s.aws/cluster\":\"false\"}},\"Effect\":\"Allow\",\"Resource\":\"arn:aws:ec2:*:*:security-group/*\"},{\"Action\":[\"ec2:AuthorizeSecurityGroupIngress\",\"ec2:RevokeSecurityGroupIngress\",\"ec2:DeleteSecurityGroup\"],\"Condition\":{\"Null\":{\"aws:ResourceTag/elbv2.k8s.aws/cluster\":\"false\"}},\"Effect\":\"Allow\",\"Resource\":\"*\"},{\"Action\":[\"elasticloadbalancing:CreateLoadBalancer\",\"elasticloadbalancing:CreateTargetGroup\"],\"Condition\":{\"Null\":{\"aws:RequestTag/elbv2.k8s.aws/cluster\":\"false\"}},\"Effect\":\"Allow\",\"Resource\":\"*\"},{\"Action\":[\"elasticloadbalancing:CreateListener\",\"elasticloadbalancing:DeleteListener\",\"elasticloadbalancing:CreateRule\",\"elasticloadbalancing:DeleteRule\"],\"Effect\":\"Allow\",\"Resource\":\"*\"},{\"Action\":[\"elasticloadbalancing:AddTags\",\"elasticloadbalancing:RemoveTags\"],\"Condition\":{\"Null\":{\"aws:RequestTag/elbv2.k8s.aws/cluster\":\"true\",\"aws:ResourceTag/elbv2.k8s.aws/cluster\":\"false\"}},\"Effect\":\"Allow\",\"Resource\":[\"arn:aws:elasticloadbalancing:*:*:targetgroup/*/*\",\"arn:aws:elasticloadbalancing:*:*:loadbalancer/net/*/*\",\"arn:aws:elasticloadbalancing:*:*:loadbalancer/app/*/*\"]},{\"Action\":[\"elasticloadbalancing:ModifyLoadBalancerAttributes\",\"elasticloadbalancing:SetIpAddressType\",\"elasticloadbalancing:SetSecurityGroups\",\"elasticloadbalancing:SetSubnets\",\"elasticloadbalancing:DeleteLoadBalancer\",\"elasticloadbalancing:ModifyTargetGroup\",\"elasticloadbalancing:ModifyTargetGroupAttributes\",\"elasticloadbalancing:DeleteTargetGroup\"],\"Condition\":{\"Null\":{\"aws:ResourceTag/elbv2.k8s.aws/cluster\":\"false\"}},\"Effect\":\"Allow\",\"Resource\":\"*\"},{\"Action\":[\"elasticloadbalancing:RegisterTargets\",\"elasticloadbalancing:DeregisterTargets\"],\"Effect\":\"Allow\",\"Resource\":\"arn:aws:elasticloadbalancing:*:*:targetgroup/*/*\"},{\"Action\":[\"elasticloadbalancing:SetWebAcl\",\"elasticloadbalancing:ModifyListener\",\"elasticloadbalancing:AddListenerCertificates\",\"elasticloadbalancing:RemoveListenerCertificates\",\"elasticloadbalancing:ModifyRule\"],\"Effect\":\"Allow\",\"Resource\":\"*\"}],\"Version\":\"2012-10-17\"}",
            "policy_id": "ANPA26NMTBGVFHYXCNEBK",
            "tags": null,
            "tags_all": {}
          },
          "sensitive_attributes": [],
          "private": "bnVsbA==",
          "dependencies": [
            "null_resource.policy"
          ]
        }
      ]
    },
    {
      "mode": "managed",
      "type": "helm_release",
      "name": "aws-load-balancer-controller",
      "provider": "provider[\"registry.terraform.io/hashicorp/helm\"]",
      "instances": [
        {
          "schema_version": 0,
          "attributes": {
            "atomic": false,
            "chart": "aws-load-balancer-controller",
            "cleanup_on_fail": false,
            "create_namespace": false,
            "dependency_update": false,
            "description": null,
            "devel": null,
            "disable_crd_hooks": false,
            "disable_openapi_validation": false,
            "disable_webhooks": false,
            "force_update": false,
            "id": "aws-load-balancer-controller",
            "keyring": null,
            "lint": false,
            "manifest": null,
            "max_history": 0,
            "metadata": [
              {
                "app_version": "v2.4.5",
                "chart": "aws-load-balancer-controller",
                "name": "aws-load-balancer-controller",
                "namespace": "kube-system",
                "revision": 1,
                "values": "{\"clusterName\":\"prod-eks\",\"image\":{\"repository\":\"602401143452.dkr.ecr.ap-northeast-2.amazonaws.com/amazon/aws-load-balancer-controller\",\"tag\":\"v2.4.2\"},\"serviceAccount\":{\"name\":\"aws-load-balancer-controller\"}}",
                "version": "1.4.6"
              }
            ],
            "name": "aws-load-balancer-controller",
            "namespace": "kube-system",
            "postrender": [],
            "recreate_pods": false,
            "render_subchart_notes": true,
            "replace": false,
            "repository": "https://aws.github.io/eks-charts",
            "repository_ca_file": null,
            "repository_cert_file": null,
            "repository_key_file": null,
            "repository_password": null,
            "repository_username": null,
            "reset_values": false,
            "reuse_values": false,
            "set": [
              {
                "name": "clusterName",
                "type": "",
                "value": "prod-eks"
              },
              {
                "name": "image.repository",
                "type": "",
                "value": "602401143452.dkr.ecr.ap-northeast-2.amazonaws.com/amazon/aws-load-balancer-controller"
              },
              {
                "name": "image.tag",
                "type": "",
                "value": "v2.4.2"
              },
              {
                "name": "serviceAccount.name",
                "type": "",
                "value": "aws-load-balancer-controller"
              }
            ],
            "set_sensitive": [],
            "skip_crds": false,
            "status": "deployed",
            "timeout": 300,
            "values": null,
            "verify": false,
            "version": "1.4.6",
            "wait": true,
            "wait_for_jobs": false
          },
          "sensitive_attributes": [],
          "private": "bnVsbA==",
          "dependencies": [
            "aws_iam_policy.load-balancer-policy",
            "data.aws_eks_cluster.eks_cluster",
            "null_resource.policy",
            "null_resource.post-policy"
          ]
        }
      ]
    },
    {
      "mode": "managed",
      "type": "null_resource",
      "name": "destroy",
      "provider": "provider[\"registry.terraform.io/hashicorp/null\"]",
      "instances": [
        {
          "schema_version": 0,
          "attributes": {
            "id": "975623974158285403",
            "triggers": {
              "always_run": "2022-12-06T04:53:56Z"
            }
          },
          "sensitive_attributes": [],
          "private": "bnVsbA==",
          "dependencies": [
            "aws_iam_policy.load-balancer-policy",
            "null_resource.policy"
          ]
        }
      ]
    },
    {
      "mode": "managed",
      "type": "null_resource",
      "name": "policy",
      "provider": "provider[\"registry.terraform.io/hashicorp/null\"]",
      "instances": [
        {
          "schema_version": 0,
          "attributes": {
            "id": "3952974242800620051",
            "triggers": {
              "always_run": "2022-12-06T04:53:54Z"
            }
          },
          "sensitive_attributes": [],
          "private": "bnVsbA=="
        }
      ]
    },
    {
      "mode": "managed",
      "type": "null_resource",
      "name": "post-policy",
      "provider": "provider[\"registry.terraform.io/hashicorp/null\"]",
      "instances": [
        {
          "schema_version": 0,
          "attributes": {
            "id": "1361596038351065757",
            "triggers": {
              "always_run": "2022-12-06T04:53:56Z"
            }
          },
          "sensitive_attributes": [],
          "private": "bnVsbA==",
          "dependencies": [
            "aws_iam_policy.load-balancer-policy",
            "data.aws_eks_cluster.eks_cluster",
            "null_resource.policy"
          ]
        }
      ]
    }
  ],
  "check_results": null
}
