{
  "version": 4,
  "terraform_version": "1.3.5",
  "serial": 23,
  "lineage": "d431acf5-a78b-39c5-b23e-5e5d737b57ff",
  "outputs": {
    "Name": {
      "value": "tf-state-ip-172-31-9-24-1669359542301023158",
      "type": "string"
    },
    "dynamodb_table_name_c9net": {
      "value": "terraform_locks_iam",
      "type": "string"
    },
    "dynamodb_table_name_cicd": {
      "value": "terraform_locks_nodeg",
      "type": "string"
    },
    "dynamodb_table_name_cluster": {
      "value": "terraform_locks_c9net",
      "type": "string"
    },
    "dynamodb_table_name_eks-cidr": {
      "value": "terraform_locks_cicd",
      "type": "string"
    },
    "dynamodb_table_name_iam": {
      "value": "terraform_locks_net",
      "type": "string"
    },
    "dynamodb_table_name_net": {
      "value": "terraform_locks_tf-setup",
      "type": "string"
    },
    "dynamodb_table_name_nodeg": {
      "value": "terraform_locks_cluster",
      "type": "string"
    },
    "dynamodb_table_name_sampleapp": {
      "value": "terraform_locks_eks-cidr",
      "type": "string"
    },
    "keyid": {
      "value": "102f48cc-5d9a-42e6-aa73-9cddb28b8676",
      "type": "string"
    },
    "region": {
      "value": [
        "ap-northeast-2"
      ],
      "type": [
        "tuple",
        [
          "string"
        ]
      ]
    },
    "s3_bucket": {
      "value": [
        "tf-state-kakao-e855f1e80c14a165"
      ],
      "type": [
        "tuple",
        [
          "string"
        ]
      ]
    },
    "tfid": {
      "value": "e855f1e80c14a165",
      "type": "string"
    }
  },
  "resources": [
    {
      "mode": "data",
      "type": "aws_availability_zones",
      "name": "az",
      "provider": "provider[\"registry.terraform.io/hashicorp/aws\"]",
      "instances": [
        {
          "schema_version": 0,
          "attributes": {
            "all_availability_zones": null,
            "exclude_names": null,
            "exclude_zone_ids": null,
            "filter": null,
            "group_names": [
              "ap-northeast-2"
            ],
            "id": "ap-northeast-2",
            "names": [
              "ap-northeast-2a",
              "ap-northeast-2b",
              "ap-northeast-2c",
              "ap-northeast-2d"
            ],
            "state": "available",
            "timeouts": null,
            "zone_ids": [
              "apne2-az1",
              "apne2-az2",
              "apne2-az3",
              "apne2-az4"
            ]
          },
          "sensitive_attributes": []
        }
      ]
    },
    {
      "mode": "data",
      "type": "aws_caller_identity",
      "name": "current",
      "provider": "provider[\"registry.terraform.io/hashicorp/aws\"]",
      "instances": [
        {
          "schema_version": 0,
          "attributes": {
            "account_id": "752518105514",
            "arn": "arn:aws:sts::752518105514:assumed-role/eks-c9-admin/i-0e418a8bd4778e6b0",
            "id": "752518105514",
            "user_id": "AROA26NMTBGVDG7FH4N2E:i-0e418a8bd4778e6b0"
          },
          "sensitive_attributes": []
        }
      ]
    },
    {
      "mode": "data",
      "type": "aws_region",
      "name": "current",
      "provider": "provider[\"registry.terraform.io/hashicorp/aws\"]",
      "instances": [
        {
          "schema_version": 0,
          "attributes": {
            "description": "Asia Pacific (Seoul)",
            "endpoint": "ec2.ap-northeast-2.amazonaws.com",
            "id": "ap-northeast-2",
            "name": "ap-northeast-2"
          },
          "sensitive_attributes": []
        }
      ]
    },
    {
      "mode": "data",
      "type": "external",
      "name": "bucket_name",
      "provider": "provider[\"registry.terraform.io/hashicorp/external\"]",
      "instances": [
        {
          "schema_version": 0,
          "attributes": {
            "id": "-",
            "program": [
              "bash",
              "get-bucket-name.sh"
            ],
            "query": null,
            "result": {
              "Name": "tf-state-ip-172-31-9-24-1669359542301023158"
            },
            "working_dir": null
          },
          "sensitive_attributes": []
        }
      ]
    },
    {
      "mode": "managed",
      "type": "aws_dynamodb_table",
      "name": "terraform_locks",
      "provider": "provider[\"registry.terraform.io/hashicorp/aws\"]",
      "instances": [
        {
          "index_key": 0,
          "schema_version": 1,
          "attributes": {
            "arn": "arn:aws:dynamodb:ap-northeast-2:752518105514:table/terraform_locks_tf-setup",
            "attribute": [
              {
                "name": "LockID",
                "type": "S"
              }
            ],
            "billing_mode": "PAY_PER_REQUEST",
            "global_secondary_index": [],
            "hash_key": "LockID",
            "id": "terraform_locks_tf-setup",
            "local_secondary_index": [],
            "name": "terraform_locks_tf-setup",
            "point_in_time_recovery": [
              {
                "enabled": false
              }
            ],
            "range_key": null,
            "read_capacity": 0,
            "replica": [],
            "restore_date_time": null,
            "restore_source_name": null,
            "restore_to_latest_time": null,
            "server_side_encryption": [],
            "stream_arn": "",
            "stream_enabled": false,
            "stream_label": "",
            "stream_view_type": "",
            "table_class": "",
            "tags": null,
            "tags_all": {},
            "timeouts": null,
            "ttl": [
              {
                "attribute_name": "",
                "enabled": false
              }
            ],
            "write_capacity": 0
          },
          "sensitive_attributes": [],
          "private": "eyJlMmJmYjczMC1lY2FhLTExZTYtOGY4OC0zNDM2M2JjN2M0YzAiOnsiY3JlYXRlIjoxODAwMDAwMDAwMDAwLCJkZWxldGUiOjYwMDAwMDAwMDAwMCwidXBkYXRlIjozNjAwMDAwMDAwMDAwfSwic2NoZW1hX3ZlcnNpb24iOiIxIn0=",
          "dependencies": [
            "aws_s3_bucket.terraform_state",
            "random_id.id1"
          ]
        },
        {
          "index_key": 1,
          "schema_version": 1,
          "attributes": {
            "arn": "arn:aws:dynamodb:ap-northeast-2:752518105514:table/terraform_locks_net",
            "attribute": [
              {
                "name": "LockID",
                "type": "S"
              }
            ],
            "billing_mode": "PAY_PER_REQUEST",
            "global_secondary_index": [],
            "hash_key": "LockID",
            "id": "terraform_locks_net",
            "local_secondary_index": [],
            "name": "terraform_locks_net",
            "point_in_time_recovery": [
              {
                "enabled": false
              }
            ],
            "range_key": null,
            "read_capacity": 0,
            "replica": [],
            "restore_date_time": null,
            "restore_source_name": null,
            "restore_to_latest_time": null,
            "server_side_encryption": [],
            "stream_arn": "",
            "stream_enabled": false,
            "stream_label": "",
            "stream_view_type": "",
            "table_class": "",
            "tags": null,
            "tags_all": {},
            "timeouts": null,
            "ttl": [
              {
                "attribute_name": "",
                "enabled": false
              }
            ],
            "write_capacity": 0
          },
          "sensitive_attributes": [],
          "private": "eyJlMmJmYjczMC1lY2FhLTExZTYtOGY4OC0zNDM2M2JjN2M0YzAiOnsiY3JlYXRlIjoxODAwMDAwMDAwMDAwLCJkZWxldGUiOjYwMDAwMDAwMDAwMCwidXBkYXRlIjozNjAwMDAwMDAwMDAwfSwic2NoZW1hX3ZlcnNpb24iOiIxIn0=",
          "dependencies": [
            "aws_s3_bucket.terraform_state",
            "random_id.id1"
          ]
        },
        {
          "index_key": 2,
          "schema_version": 1,
          "attributes": {
            "arn": "arn:aws:dynamodb:ap-northeast-2:752518105514:table/terraform_locks_iam",
            "attribute": [
              {
                "name": "LockID",
                "type": "S"
              }
            ],
            "billing_mode": "PAY_PER_REQUEST",
            "global_secondary_index": [],
            "hash_key": "LockID",
            "id": "terraform_locks_iam",
            "local_secondary_index": [],
            "name": "terraform_locks_iam",
            "point_in_time_recovery": [
              {
                "enabled": false
              }
            ],
            "range_key": null,
            "read_capacity": 0,
            "replica": [],
            "restore_date_time": null,
            "restore_source_name": null,
            "restore_to_latest_time": null,
            "server_side_encryption": [],
            "stream_arn": "",
            "stream_enabled": false,
            "stream_label": "",
            "stream_view_type": "",
            "table_class": "",
            "tags": null,
            "tags_all": {},
            "timeouts": null,
            "ttl": [
              {
                "attribute_name": "",
                "enabled": false
              }
            ],
            "write_capacity": 0
          },
          "sensitive_attributes": [],
          "private": "eyJlMmJmYjczMC1lY2FhLTExZTYtOGY4OC0zNDM2M2JjN2M0YzAiOnsiY3JlYXRlIjoxODAwMDAwMDAwMDAwLCJkZWxldGUiOjYwMDAwMDAwMDAwMCwidXBkYXRlIjozNjAwMDAwMDAwMDAwfSwic2NoZW1hX3ZlcnNpb24iOiIxIn0=",
          "dependencies": [
            "aws_s3_bucket.terraform_state",
            "random_id.id1"
          ]
        },
        {
          "index_key": 3,
          "schema_version": 1,
          "attributes": {
            "arn": "arn:aws:dynamodb:ap-northeast-2:752518105514:table/terraform_locks_c9net",
            "attribute": [
              {
                "name": "LockID",
                "type": "S"
              }
            ],
            "billing_mode": "PAY_PER_REQUEST",
            "global_secondary_index": [],
            "hash_key": "LockID",
            "id": "terraform_locks_c9net",
            "local_secondary_index": [],
            "name": "terraform_locks_c9net",
            "point_in_time_recovery": [
              {
                "enabled": false
              }
            ],
            "range_key": null,
            "read_capacity": 0,
            "replica": [],
            "restore_date_time": null,
            "restore_source_name": null,
            "restore_to_latest_time": null,
            "server_side_encryption": [],
            "stream_arn": "",
            "stream_enabled": false,
            "stream_label": "",
            "stream_view_type": "",
            "table_class": "",
            "tags": null,
            "tags_all": {},
            "timeouts": null,
            "ttl": [
              {
                "attribute_name": "",
                "enabled": false
              }
            ],
            "write_capacity": 0
          },
          "sensitive_attributes": [],
          "private": "eyJlMmJmYjczMC1lY2FhLTExZTYtOGY4OC0zNDM2M2JjN2M0YzAiOnsiY3JlYXRlIjoxODAwMDAwMDAwMDAwLCJkZWxldGUiOjYwMDAwMDAwMDAwMCwidXBkYXRlIjozNjAwMDAwMDAwMDAwfSwic2NoZW1hX3ZlcnNpb24iOiIxIn0=",
          "dependencies": [
            "aws_s3_bucket.terraform_state",
            "random_id.id1"
          ]
        },
        {
          "index_key": 4,
          "schema_version": 1,
          "attributes": {
            "arn": "arn:aws:dynamodb:ap-northeast-2:752518105514:table/terraform_locks_cluster",
            "attribute": [
              {
                "name": "LockID",
                "type": "S"
              }
            ],
            "billing_mode": "PAY_PER_REQUEST",
            "global_secondary_index": [],
            "hash_key": "LockID",
            "id": "terraform_locks_cluster",
            "local_secondary_index": [],
            "name": "terraform_locks_cluster",
            "point_in_time_recovery": [
              {
                "enabled": false
              }
            ],
            "range_key": null,
            "read_capacity": 0,
            "replica": [],
            "restore_date_time": null,
            "restore_source_name": null,
            "restore_to_latest_time": null,
            "server_side_encryption": [],
            "stream_arn": "",
            "stream_enabled": false,
            "stream_label": "",
            "stream_view_type": "",
            "table_class": "",
            "tags": null,
            "tags_all": {},
            "timeouts": null,
            "ttl": [
              {
                "attribute_name": "",
                "enabled": false
              }
            ],
            "write_capacity": 0
          },
          "sensitive_attributes": [],
          "private": "eyJlMmJmYjczMC1lY2FhLTExZTYtOGY4OC0zNDM2M2JjN2M0YzAiOnsiY3JlYXRlIjoxODAwMDAwMDAwMDAwLCJkZWxldGUiOjYwMDAwMDAwMDAwMCwidXBkYXRlIjozNjAwMDAwMDAwMDAwfSwic2NoZW1hX3ZlcnNpb24iOiIxIn0=",
          "dependencies": [
            "aws_s3_bucket.terraform_state",
            "random_id.id1"
          ]
        },
        {
          "index_key": 5,
          "schema_version": 1,
          "attributes": {
            "arn": "arn:aws:dynamodb:ap-northeast-2:752518105514:table/terraform_locks_nodeg",
            "attribute": [
              {
                "name": "LockID",
                "type": "S"
              }
            ],
            "billing_mode": "PAY_PER_REQUEST",
            "global_secondary_index": [],
            "hash_key": "LockID",
            "id": "terraform_locks_nodeg",
            "local_secondary_index": [],
            "name": "terraform_locks_nodeg",
            "point_in_time_recovery": [
              {
                "enabled": false
              }
            ],
            "range_key": null,
            "read_capacity": 0,
            "replica": [],
            "restore_date_time": null,
            "restore_source_name": null,
            "restore_to_latest_time": null,
            "server_side_encryption": [],
            "stream_arn": "",
            "stream_enabled": false,
            "stream_label": "",
            "stream_view_type": "",
            "table_class": "",
            "tags": null,
            "tags_all": {},
            "timeouts": null,
            "ttl": [
              {
                "attribute_name": "",
                "enabled": false
              }
            ],
            "write_capacity": 0
          },
          "sensitive_attributes": [],
          "private": "eyJlMmJmYjczMC1lY2FhLTExZTYtOGY4OC0zNDM2M2JjN2M0YzAiOnsiY3JlYXRlIjoxODAwMDAwMDAwMDAwLCJkZWxldGUiOjYwMDAwMDAwMDAwMCwidXBkYXRlIjozNjAwMDAwMDAwMDAwfSwic2NoZW1hX3ZlcnNpb24iOiIxIn0=",
          "dependencies": [
            "aws_s3_bucket.terraform_state",
            "random_id.id1"
          ]
        },
        {
          "index_key": 6,
          "schema_version": 1,
          "attributes": {
            "arn": "arn:aws:dynamodb:ap-northeast-2:752518105514:table/terraform_locks_cicd",
            "attribute": [
              {
                "name": "LockID",
                "type": "S"
              }
            ],
            "billing_mode": "PAY_PER_REQUEST",
            "global_secondary_index": [],
            "hash_key": "LockID",
            "id": "terraform_locks_cicd",
            "local_secondary_index": [],
            "name": "terraform_locks_cicd",
            "point_in_time_recovery": [
              {
                "enabled": false
              }
            ],
            "range_key": null,
            "read_capacity": 0,
            "replica": [],
            "restore_date_time": null,
            "restore_source_name": null,
            "restore_to_latest_time": null,
            "server_side_encryption": [],
            "stream_arn": "",
            "stream_enabled": false,
            "stream_label": "",
            "stream_view_type": "",
            "table_class": "",
            "tags": null,
            "tags_all": {},
            "timeouts": null,
            "ttl": [
              {
                "attribute_name": "",
                "enabled": false
              }
            ],
            "write_capacity": 0
          },
          "sensitive_attributes": [],
          "private": "eyJlMmJmYjczMC1lY2FhLTExZTYtOGY4OC0zNDM2M2JjN2M0YzAiOnsiY3JlYXRlIjoxODAwMDAwMDAwMDAwLCJkZWxldGUiOjYwMDAwMDAwMDAwMCwidXBkYXRlIjozNjAwMDAwMDAwMDAwfSwic2NoZW1hX3ZlcnNpb24iOiIxIn0=",
          "dependencies": [
            "aws_s3_bucket.terraform_state",
            "random_id.id1"
          ]
        },
        {
          "index_key": 7,
          "schema_version": 1,
          "attributes": {
            "arn": "arn:aws:dynamodb:ap-northeast-2:752518105514:table/terraform_locks_eks-cidr",
            "attribute": [
              {
                "name": "LockID",
                "type": "S"
              }
            ],
            "billing_mode": "PAY_PER_REQUEST",
            "global_secondary_index": [],
            "hash_key": "LockID",
            "id": "terraform_locks_eks-cidr",
            "local_secondary_index": [],
            "name": "terraform_locks_eks-cidr",
            "point_in_time_recovery": [
              {
                "enabled": false
              }
            ],
            "range_key": null,
            "read_capacity": 0,
            "replica": [],
            "restore_date_time": null,
            "restore_source_name": null,
            "restore_to_latest_time": null,
            "server_side_encryption": [],
            "stream_arn": "",
            "stream_enabled": false,
            "stream_label": "",
            "stream_view_type": "",
            "table_class": "",
            "tags": null,
            "tags_all": {},
            "timeouts": null,
            "ttl": [
              {
                "attribute_name": "",
                "enabled": false
              }
            ],
            "write_capacity": 0
          },
          "sensitive_attributes": [],
          "private": "eyJlMmJmYjczMC1lY2FhLTExZTYtOGY4OC0zNDM2M2JjN2M0YzAiOnsiY3JlYXRlIjoxODAwMDAwMDAwMDAwLCJkZWxldGUiOjYwMDAwMDAwMDAwMCwidXBkYXRlIjozNjAwMDAwMDAwMDAwfSwic2NoZW1hX3ZlcnNpb24iOiIxIn0=",
          "dependencies": [
            "aws_s3_bucket.terraform_state",
            "random_id.id1"
          ]
        },
        {
          "index_key": 8,
          "schema_version": 1,
          "attributes": {
            "arn": "arn:aws:dynamodb:ap-northeast-2:752518105514:table/terraform_locks_sampleapp",
            "attribute": [
              {
                "name": "LockID",
                "type": "S"
              }
            ],
            "billing_mode": "PAY_PER_REQUEST",
            "global_secondary_index": [],
            "hash_key": "LockID",
            "id": "terraform_locks_sampleapp",
            "local_secondary_index": [],
            "name": "terraform_locks_sampleapp",
            "point_in_time_recovery": [
              {
                "enabled": false
              }
            ],
            "range_key": null,
            "read_capacity": 0,
            "replica": [],
            "restore_date_time": null,
            "restore_source_name": null,
            "restore_to_latest_time": null,
            "server_side_encryption": [],
            "stream_arn": "",
            "stream_enabled": false,
            "stream_label": "",
            "stream_view_type": "",
            "table_class": "",
            "tags": null,
            "tags_all": {},
            "timeouts": null,
            "ttl": [
              {
                "attribute_name": "",
                "enabled": false
              }
            ],
            "write_capacity": 0
          },
          "sensitive_attributes": [],
          "private": "eyJlMmJmYjczMC1lY2FhLTExZTYtOGY4OC0zNDM2M2JjN2M0YzAiOnsiY3JlYXRlIjoxODAwMDAwMDAwMDAwLCJkZWxldGUiOjYwMDAwMDAwMDAwMCwidXBkYXRlIjozNjAwMDAwMDAwMDAwfSwic2NoZW1hX3ZlcnNpb24iOiIxIn0=",
          "dependencies": [
            "aws_s3_bucket.terraform_state",
            "random_id.id1"
          ]
        }
      ]
    },
    {
      "mode": "managed",
      "type": "aws_kms_key",
      "name": "ekskey",
      "provider": "provider[\"registry.terraform.io/hashicorp/aws\"]",
      "instances": [
        {
          "schema_version": 0,
          "attributes": {
            "arn": "arn:aws:kms:ap-northeast-2:752518105514:key/102f48cc-5d9a-42e6-aa73-9cddb28b8676",
            "bypass_policy_lockout_safety_check": false,
            "customer_master_key_spec": "SYMMETRIC_DEFAULT",
            "deletion_window_in_days": null,
            "description": "EKS KMS Key 2 prod-eks",
            "enable_key_rotation": false,
            "id": "102f48cc-5d9a-42e6-aa73-9cddb28b8676",
            "is_enabled": true,
            "key_id": "102f48cc-5d9a-42e6-aa73-9cddb28b8676",
            "key_usage": "ENCRYPT_DECRYPT",
            "multi_region": false,
            "policy": "{\"Id\":\"key-default-1\",\"Statement\":[{\"Action\":\"kms:*\",\"Effect\":\"Allow\",\"Principal\":{\"AWS\":\"arn:aws:iam::752518105514:root\"},\"Resource\":\"*\",\"Sid\":\"Enable IAM User Permissions\"}],\"Version\":\"2012-10-17\"}",
            "tags": null,
            "tags_all": {}
          },
          "sensitive_attributes": [],
          "private": "bnVsbA=="
        }
      ]
    },
    {
      "mode": "managed",
      "type": "aws_s3_bucket",
      "name": "terraform_state",
      "provider": "provider[\"registry.terraform.io/hashicorp/aws\"]",
      "instances": [
        {
          "schema_version": 0,
          "attributes": {
            "acceleration_status": "",
            "acl": null,
            "arn": "arn:aws:s3:::tf-state-kakao-e855f1e80c14a165",
            "bucket": "tf-state-kakao-e855f1e80c14a165",
            "bucket_domain_name": "tf-state-kakao-e855f1e80c14a165.s3.amazonaws.com",
            "bucket_prefix": null,
            "bucket_regional_domain_name": "tf-state-kakao-e855f1e80c14a165.s3.ap-northeast-2.amazonaws.com",
            "cors_rule": [],
            "force_destroy": true,
            "grant": [
              {
                "id": "428762878e1b8bb42a33076747a61695bccb75483290e6b0df33e393fc7a8d77",
                "permissions": [
                  "FULL_CONTROL"
                ],
                "type": "CanonicalUser",
                "uri": ""
              }
            ],
            "hosted_zone_id": "Z3W03O7B5YMIYP",
            "id": "tf-state-kakao-e855f1e80c14a165",
            "lifecycle_rule": [],
            "logging": [],
            "object_lock_configuration": [],
            "object_lock_enabled": false,
            "policy": "",
            "region": "ap-northeast-2",
            "replication_configuration": [],
            "request_payer": "BucketOwner",
            "server_side_encryption_configuration": [],
            "tags": null,
            "tags_all": {},
            "timeouts": null,
            "versioning": [
              {
                "enabled": false,
                "mfa_delete": false
              }
            ],
            "website": [],
            "website_domain": null,
            "website_endpoint": null
          },
          "sensitive_attributes": [],
          "private": "eyJlMmJmYjczMC1lY2FhLTExZTYtOGY4OC0zNDM2M2JjN2M0YzAiOnsiY3JlYXRlIjoxMjAwMDAwMDAwMDAwLCJkZWxldGUiOjM2MDAwMDAwMDAwMDAsInJlYWQiOjEyMDAwMDAwMDAwMDAsInVwZGF0ZSI6MTIwMDAwMDAwMDAwMH19",
          "dependencies": [
            "random_id.id1"
          ]
        }
      ]
    },
    {
      "mode": "managed",
      "type": "aws_s3_bucket_server_side_encryption_configuration",
      "name": "terraform_state",
      "provider": "provider[\"registry.terraform.io/hashicorp/aws\"]",
      "instances": [
        {
          "schema_version": 0,
          "attributes": {
            "bucket": "tf-state-kakao-e855f1e80c14a165",
            "expected_bucket_owner": "",
            "id": "tf-state-kakao-e855f1e80c14a165",
            "rule": [
              {
                "apply_server_side_encryption_by_default": [
                  {
                    "kms_master_key_id": "",
                    "sse_algorithm": "AES256"
                  }
                ],
                "bucket_key_enabled": false
              }
            ]
          },
          "sensitive_attributes": [],
          "private": "bnVsbA==",
          "dependencies": [
            "aws_s3_bucket.terraform_state",
            "random_id.id1"
          ]
        }
      ]
    },
    {
      "mode": "managed",
      "type": "aws_s3_bucket_versioning",
      "name": "terraform_state",
      "provider": "provider[\"registry.terraform.io/hashicorp/aws\"]",
      "instances": [
        {
          "schema_version": 0,
          "attributes": {
            "bucket": "tf-state-kakao-e855f1e80c14a165",
            "expected_bucket_owner": "",
            "id": "tf-state-kakao-e855f1e80c14a165",
            "mfa": null,
            "versioning_configuration": [
              {
                "mfa_delete": "",
                "status": "Enabled"
              }
            ]
          },
          "sensitive_attributes": [],
          "private": "bnVsbA==",
          "dependencies": [
            "aws_s3_bucket.terraform_state",
            "random_id.id1"
          ]
        }
      ]
    },
    {
      "mode": "managed",
      "type": "aws_ssm_parameter",
      "name": "tf-eks-cluster-name",
      "provider": "provider[\"registry.terraform.io/hashicorp/aws\"]",
      "instances": [
        {
          "schema_version": 0,
          "attributes": {
            "allowed_pattern": "",
            "arn": "arn:aws:ssm:ap-northeast-2:752518105514:parameter/kakao/tf-eks/cluster-name",
            "data_type": "text",
            "description": "The EKS cluster name for the kakao",
            "id": "/kakao/tf-eks/cluster-name",
            "insecure_value": null,
            "key_id": "",
            "name": "/kakao/tf-eks/cluster-name",
            "overwrite": null,
            "tags": {
              "kakao": "tf-eks-kakao"
            },
            "tags_all": {
              "kakao": "tf-eks-kakao"
            },
            "tier": "Standard",
            "type": "String",
            "value": "prod-eks",
            "version": 1
          },
          "sensitive_attributes": [],
          "private": "bnVsbA=="
        }
      ]
    },
    {
      "mode": "managed",
      "type": "aws_ssm_parameter",
      "name": "tf-eks-id",
      "provider": "provider[\"registry.terraform.io/hashicorp/aws\"]",
      "instances": [
        {
          "schema_version": 0,
          "attributes": {
            "allowed_pattern": "",
            "arn": "arn:aws:ssm:ap-northeast-2:752518105514:parameter/kakao/tf-eks/id",
            "data_type": "text",
            "description": "The unique id for the kakao",
            "id": "/kakao/tf-eks/id",
            "insecure_value": null,
            "key_id": "",
            "name": "/kakao/tf-eks/id",
            "overwrite": null,
            "tags": {
              "kakao": "tf-eks-kakao"
            },
            "tags_all": {
              "kakao": "tf-eks-kakao"
            },
            "tier": "Standard",
            "type": "String",
            "value": "e855f1e80c14a165",
            "version": 1
          },
          "sensitive_attributes": [],
          "private": "bnVsbA==",
          "dependencies": [
            "random_id.id1"
          ]
        }
      ]
    },
    {
      "mode": "managed",
      "type": "aws_ssm_parameter",
      "name": "tf-eks-keyarn",
      "provider": "provider[\"registry.terraform.io/hashicorp/aws\"]",
      "instances": [
        {
          "schema_version": 0,
          "attributes": {
            "allowed_pattern": "",
            "arn": "arn:aws:ssm:ap-northeast-2:752518105514:parameter/kakao/tf-eks/keyarn",
            "data_type": "text",
            "description": "The keyid for the kakao",
            "id": "/kakao/tf-eks/keyarn",
            "insecure_value": null,
            "key_id": "",
            "name": "/kakao/tf-eks/keyarn",
            "overwrite": null,
            "tags": {
              "kakao": "tf-eks-kakao"
            },
            "tags_all": {
              "kakao": "tf-eks-kakao"
            },
            "tier": "Standard",
            "type": "String",
            "value": "arn:aws:kms:ap-northeast-2:752518105514:key/102f48cc-5d9a-42e6-aa73-9cddb28b8676",
            "version": 1
          },
          "sensitive_attributes": [],
          "private": "bnVsbA==",
          "dependencies": [
            "aws_kms_key.ekskey"
          ]
        }
      ]
    },
    {
      "mode": "managed",
      "type": "aws_ssm_parameter",
      "name": "tf-eks-keyid",
      "provider": "provider[\"registry.terraform.io/hashicorp/aws\"]",
      "instances": [
        {
          "schema_version": 0,
          "attributes": {
            "allowed_pattern": "",
            "arn": "arn:aws:ssm:ap-northeast-2:752518105514:parameter/kakao/tf-eks/keyid",
            "data_type": "text",
            "description": "The keyid for the kakao",
            "id": "/kakao/tf-eks/keyid",
            "insecure_value": null,
            "key_id": "",
            "name": "/kakao/tf-eks/keyid",
            "overwrite": null,
            "tags": {
              "kakao": "tf-eks-kakao"
            },
            "tags_all": {
              "kakao": "tf-eks-kakao"
            },
            "tier": "Standard",
            "type": "String",
            "value": "102f48cc-5d9a-42e6-aa73-9cddb28b8676",
            "version": 1
          },
          "sensitive_attributes": [],
          "private": "bnVsbA==",
          "dependencies": [
            "aws_kms_key.ekskey"
          ]
        }
      ]
    },
    {
      "mode": "managed",
      "type": "aws_ssm_parameter",
      "name": "tf-eks-region",
      "provider": "provider[\"registry.terraform.io/hashicorp/aws\"]",
      "instances": [
        {
          "schema_version": 0,
          "attributes": {
            "allowed_pattern": "",
            "arn": "arn:aws:ssm:ap-northeast-2:752518105514:parameter/kakao/tf-eks/region",
            "data_type": "text",
            "description": "The region for the kakao",
            "id": "/kakao/tf-eks/region",
            "insecure_value": null,
            "key_id": "",
            "name": "/kakao/tf-eks/region",
            "overwrite": null,
            "tags": {
              "kakao": "tf-eks-kakao"
            },
            "tags_all": {
              "kakao": "tf-eks-kakao"
            },
            "tier": "Standard",
            "type": "String",
            "value": "ap-northeast-2",
            "version": 1
          },
          "sensitive_attributes": [],
          "private": "bnVsbA=="
        }
      ]
    },
    {
      "mode": "managed",
      "type": "null_resource",
      "name": "gen_backend",
      "provider": "provider[\"registry.terraform.io/hashicorp/null\"]",
      "instances": [
        {
          "schema_version": 0,
          "attributes": {
            "id": "5987937857480339114",
            "triggers": {
              "always_run": "2022-11-25T06:59:53Z"
            }
          },
          "sensitive_attributes": [],
          "private": "bnVsbA==",
          "dependencies": [
            "aws_dynamodb_table.terraform_locks",
            "aws_s3_bucket.terraform_state",
            "null_resource.sleep",
            "random_id.id1"
          ]
        }
      ]
    },
    {
      "mode": "managed",
      "type": "null_resource",
      "name": "gen_idfile",
      "provider": "provider[\"registry.terraform.io/hashicorp/null\"]",
      "instances": [
        {
          "schema_version": 0,
          "attributes": {
            "id": "4779560623079600283",
            "triggers": {
              "always_run": "2022-11-25T06:59:12Z"
            }
          },
          "sensitive_attributes": [],
          "private": "bnVsbA==",
          "dependencies": [
            "aws_kms_key.ekskey",
            "random_id.id1"
          ]
        }
      ]
    },
    {
      "mode": "managed",
      "type": "null_resource",
      "name": "sleep",
      "provider": "provider[\"registry.terraform.io/hashicorp/null\"]",
      "instances": [
        {
          "schema_version": 0,
          "attributes": {
            "id": "213633335635512564",
            "triggers": {
              "always_run": "2022-11-25T06:59:48Z"
            }
          },
          "sensitive_attributes": [],
          "private": "bnVsbA==",
          "dependencies": [
            "aws_dynamodb_table.terraform_locks",
            "aws_s3_bucket.terraform_state",
            "random_id.id1"
          ]
        }
      ]
    },
    {
      "mode": "managed",
      "type": "random_id",
      "name": "id1",
      "provider": "provider[\"registry.terraform.io/hashicorp/random\"]",
      "instances": [
        {
          "schema_version": 0,
          "attributes": {
            "b64_std": "6FXx6AwUoWU=",
            "b64_url": "6FXx6AwUoWU",
            "byte_length": 8,
            "dec": "16741553168757072229",
            "hex": "e855f1e80c14a165",
            "id": "6FXx6AwUoWU",
            "keepers": null,
            "prefix": null
          },
          "sensitive_attributes": []
        }
      ]
    }
  ],
  "check_results": null
}
